{
  "name": "@marineyachtradar/signalk-wasm",
  "version": "0.5.3",
  "lockfileVersion": 3,
  "requires": true,
  "packages": {
    "": {
      "name": "@marineyachtradar/signalk-wasm",
      "version": "0.5.3",
      "license": "MIT",
      "dependencies": {
        "@marineyachtradar/mayara-gui": "^0.7.1"
      },
      "engines": {
        "signalk": ">=2.0.0"
      }
    },
    "node_modules/@marineyachtradar/mayara-gui": {
      "version": "0.7.1",
      "resolved": "https://registry.npmjs.org/@marineyachtradar/mayara-gui/-/mayara-gui-0.7.1.tgz",
      "integrity": "sha512-aI5Z+eDBj4mWy74YdGo6kvLCIsH8kvhNHtnGKNxjlpmPe8YTdmqkvlTwkISTURJ13PEdw72fCLuJHUWo03FGdw==",
      "license": "MIT"
    }
  }
}
