{
  "name": "@marineyachtradar/signalk-wasm",
  "version": "0.5.2",
  "lockfileVersion": 3,
  "requires": true,
  "packages": {
    "": {
      "name": "@marineyachtradar/signalk-wasm",
      "version": "0.5.2",
      "license": "MIT",
      "dependencies": {
        "@marineyachtradar/mayara-gui": "^0.5.3"
      },
      "engines": {
        "signalk": ">=2.0.0"
      }
    },
    "node_modules/@marineyachtradar/mayara-gui": {
      "version": "0.5.3",
      "resolved": "https://registry.npmjs.org/@marineyachtradar/mayara-gui/-/mayara-gui-0.5.3.tgz",
      "integrity": "sha512-KE1yU/NFqNtmPwwnXBBlGOgCkmEJMfChxUa2Mdx8g1j1LE8Qx0GjhXL3B+Bj49P0SOHF3ZOqYmDIHV/HVqRFug==",
      "license": "MIT"
    }
  }
}
